
Microsoft Visual Studio Solution File, Format Version 12.00
# Visual Studio Version 16
VisualStudioVersion = 16.0.28803.202
MinimumVisualStudioVersion = 10.0.40219.1
Project("{FAE04EC0-301F-11D3-BF4B-00C04F79EFBC}") = "ChemistryVisualizer", "ChemistryVisualizer\ChemistryVisualizer.csproj", "{2DC2650F-A787-4523-8A41-1E291CC18364}"
EndProject
Global
	GlobalSection(SolutionConfigurationPlatforms) = preSolution
		Debug|Any CPU = Debug|Any CPU
		Release|Any CPU = Release|Any CPU
	EndGlobalSection
	GlobalSection(ProjectConfigurationPlatforms) = postSolution
		{2DC2650F-A787-4523-8A41-1E291CC18364}.Debug|Any CPU.ActiveCfg = Debug|Any CPU
		{2DC2650F-A787-4523-8A41-1E291CC18364}.Debug|Any CPU.Build.0 = Debug|Any CPU
		{2DC2650F-A787-4523-8A41-1E291CC18364}.Release|Any CPU.ActiveCfg = Release|Any CPU
		{2DC2650F-A787-4523-8A41-1E291CC18364}.Release|Any CPU.Build.0 = Release|Any CPU
	EndGlobalSection
	GlobalSection(SolutionProperties) = preSolution
		HideSolutionNode = FALSE
	EndGlobalSection
	GlobalSection(ExtensibilityGlobals) = postSolution
		SolutionGuid = {F1E51510-A5E2-4544-B267-D9AF2118D734}
	EndGlobalSection
EndGlobal
